{
  "name": "@bearz/strings",
  "version": "0.1.0",
  "lockfileVersion": 3,
  "requires": true,
  "packages": {
    "": {
      "name": "@bearz/strings",
      "version": "0.1.0",
      "license": "MIT",
      "dependencies": {
        "@bearz/chars": "^0.1.0",
        "@bearz/slices": "^0.1.0"
      },
      "devDependencies": {
        "@bearz/assert": "^0.1.0",
        "@bearz/testing": "^0.0.0",
        "@types/node": "^22.13.4",
        "picocolors": "^1.0.0"
      },
      "engines": {
        "node": ">=22"
      }
    },
    "node_modules/@bearz/assert": {
      "version": "0.1.0",
      "dev": true,
      "license": "MIT",
      "engines": {
        "node": ">=22"
      }
    },
    "node_modules/@bearz/chars": {
      "version": "0.1.0",
      "license": "MIT",
      "engines": {
        "node": ">=22"
      }
    },
    "node_modules/@bearz/slices": {
      "version": "0.1.1",
      "license": "MIT",
      "dependencies": {
        "@bearz/chars": "^0.1.0"
      },
      "engines": {
        "node": ">=22"
      }
    },
    "node_modules/@bearz/testing": {
      "version": "0.0.0",
      "dev": true,
      "license": "MIT",
      "engines": {
        "node": ">=22"
      }
    },
    "node_modules/@types/node": {
      "version": "22.13.10",
      "dev": true,
      "license": "MIT",
      "dependencies": {
        "undici-types": "~6.20.0"
      }
    },
    "node_modules/picocolors": {
      "version": "1.1.1",
      "dev": true,
      "license": "ISC"
    },
    "node_modules/undici-types": {
      "version": "6.20.0",
      "dev": true,
      "license": "MIT"
    }
  }
}
